// !$*UTF8*$!
{
	archiveVersion = 1;
	classes = {
	};
	objectVersion = 51;
	objects = {

/* Begin PBXBuildFile section */
		16946A9C2EC40D20CABD67E7 /* Pods_Mail.framework in Frameworks */ = {isa = PBXBuildFile; fileRef = AE43A998C7C1E415BA0D9354 /* Pods_Mail.framework */; };
		8A164B7126035177002DE9B1 /* MuseoSans_500.otf in Resources */ = {isa = PBXBuildFile; fileRef = 8A164B7026035176002DE9B1 /* MuseoSans_500.otf */; };
		8A18B9BA2620E5760052ACD4 /* LoginVC.storyboard in Resources */ = {isa = PBXBuildFile; fileRef = 8A18B9B82620E5760052ACD4 /* LoginVC.storyboard */; };
		8A18B9BD2621E0890052ACD4 /* MailListVC.storyboard in Resources */ = {isa = PBXBuildFile; fileRef = 8A18B9BC2621E0890052ACD4 /* MailListVC.storyboard */; };
		8A18B9D22621E56D0052ACD4 /* MailDetailVC.storyboard in Resources */ = {isa = PBXBuildFile; fileRef = 8A18B9D02621E56D0052ACD4 /* MailDetailVC.storyboard */; };
		8A7318EC26072F670098FEAA /* DocumentCollectionViewController.swift in Sources */ = {isa = PBXBuildFile; fileRef = 8A7318EB26072F670098FEAA /* DocumentCollectionViewController.swift */; };
		8A7318F02607343A0098FEAA /* DocumentCollectionViewCell.swift in Sources */ = {isa = PBXBuildFile; fileRef = 8A7318EE2607343A0098FEAA /* DocumentCollectionViewCell.swift */; };
		8A7318F12607343A0098FEAA /* DocumentCollectionViewCell.xib in Resources */ = {isa = PBXBuildFile; fileRef = 8A7318EF2607343A0098FEAA /* DocumentCollectionViewCell.xib */; };
		8A731940260E75260098FEAA /* Constant.swift in Sources */ = {isa = PBXBuildFile; fileRef = 8A73193F260E75260098FEAA /* Constant.swift */; };
		8A731958260E7E640098FEAA /* ModelInit.swift in Sources */ = {isa = PBXBuildFile; fileRef = 8A731957260E7E640098FEAA /* ModelInit.swift */; };
		8A94A28225FB69CE006480BB /* AppDelegate.swift in Sources */ = {isa = PBXBuildFile; fileRef = 8A94A28125FB69CE006480BB /* AppDelegate.swift */; };
		8A94A28425FB69CE006480BB /* SceneDelegate.swift in Sources */ = {isa = PBXBuildFile; fileRef = 8A94A28325FB69CE006480BB /* SceneDelegate.swift */; };
		8A94A28625FB69CE006480BB /* MailListViewController.swift in Sources */ = {isa = PBXBuildFile; fileRef = 8A94A28525FB69CE006480BB /* MailListViewController.swift */; };
		8A94A28B25FB69D1006480BB /* Assets.xcassets in Resources */ = {isa = PBXBuildFile; fileRef = 8A94A28A25FB69D1006480BB /* Assets.xcassets */; };
		8A94A28E25FB69D1006480BB /* LaunchScreen.storyboard in Resources */ = {isa = PBXBuildFile; fileRef = 8A94A28C25FB69D1006480BB /* LaunchScreen.storyboard */; };
		8A94A29725FB6DE7006480BB /* Mailboxes.swift in Sources */ = {isa = PBXBuildFile; fileRef = 8A94A29625FB6DE7006480BB /* Mailboxes.swift */; };
		8A94A29A25FB761C006480BB /* MailCollectionViewController.swift in Sources */ = {isa = PBXBuildFile; fileRef = 8A94A29925FB761C006480BB /* MailCollectionViewController.swift */; };
		8A94A29D25FB76A4006480BB /* Thread.swift in Sources */ = {isa = PBXBuildFile; fileRef = 8A94A29C25FB76A4006480BB /* Thread.swift */; };
		8A94A2A325FB7AEF006480BB /* MailListCell.swift in Sources */ = {isa = PBXBuildFile; fileRef = 8A94A2A125FB7AEF006480BB /* MailListCell.swift */; };
		8A94A2A425FB7AEF006480BB /* MailListCell.xib in Resources */ = {isa = PBXBuildFile; fileRef = 8A94A2A225FB7AEF006480BB /* MailListCell.xib */; };
		8A94A2A725FD38BD006480BB /* MockedData.swift in Sources */ = {isa = PBXBuildFile; fileRef = 8A94A2A625FD38BD006480BB /* MockedData.swift */; };
		8A94A2B225FE4763006480BB /* DateExtension.swift in Sources */ = {isa = PBXBuildFile; fileRef = 8A94A2B125FE4763006480BB /* DateExtension.swift */; };
		8A94A2B625FE5022006480BB /* MailDetailViewController.swift in Sources */ = {isa = PBXBuildFile; fileRef = 8A94A2B525FE5022006480BB /* MailDetailViewController.swift */; };
		8A94A2B925FE55A2006480BB /* User.swift in Sources */ = {isa = PBXBuildFile; fileRef = 8A94A2B825FE55A2006480BB /* User.swift */; };
		8A94A2BC25FE5926006480BB /* UserConversationNavigationItem.xib in Resources */ = {isa = PBXBuildFile; fileRef = 8A94A2BB25FE5926006480BB /* UserConversationNavigationItem.xib */; };
		8A94A2BF25FE5B60006480BB /* UserConversationNavigationItem.swift in Sources */ = {isa = PBXBuildFile; fileRef = 8A94A2BE25FE5B60006480BB /* UserConversationNavigationItem.swift */; };
		8A94A2CA25FF45B7006480BB /* Mail.swift in Sources */ = {isa = PBXBuildFile; fileRef = 8A94A2C925FF45B7006480BB /* Mail.swift */; };
		8AB7FEF42604D848007343D1 /* MuseoSansRounded-700.ttf in Resources */ = {isa = PBXBuildFile; fileRef = 8AB7FEF32604D848007343D1 /* MuseoSansRounded-700.ttf */; };
		8AB7FF03260511AB007343D1 /* ReplyView.xib in Resources */ = {isa = PBXBuildFile; fileRef = 8AB7FF02260511AB007343D1 /* ReplyView.xib */; };
		8AB7FF0626051770007343D1 /* ReplyView.swift in Sources */ = {isa = PBXBuildFile; fileRef = 8AB7FF0526051770007343D1 /* ReplyView.swift */; };
		8AC08755261F628700479830 /* AuthSettings.plist in Resources */ = {isa = PBXBuildFile; fileRef = 8AC08754261F628700479830 /* AuthSettings.plist */; };
		8AC0877A261F66E100479830 /* AuthenticationManager.swift in Sources */ = {isa = PBXBuildFile; fileRef = 8AC08779261F66E100479830 /* AuthenticationManager.swift */; };
		8AC0877F261F6A4400479830 /* LogingViewController.swift in Sources */ = {isa = PBXBuildFile; fileRef = 8AC0877E261F6A4400479830 /* LogingViewController.swift */; };
		8AC08783261F6C7D00479830 /* GraphManager.swift in Sources */ = {isa = PBXBuildFile; fileRef = 8AC08782261F6C7D00479830 /* GraphManager.swift */; };
		8ACCDF3626132647000C2E67 /* State.swift in Sources */ = {isa = PBXBuildFile; fileRef = 8ACCDF3526132647000C2E67 /* State.swift */; };
		8AF84FE72628748200300B99 /* Cache.swift in Sources */ = {isa = PBXBuildFile; fileRef = 8AF84FE62628748200300B99 /* Cache.swift */; };
		8AF84FEA262876CB00300B99 /* MailController.swift in Sources */ = {isa = PBXBuildFile; fileRef = 8AF84FE9262876CB00300B99 /* MailController.swift */; };
/* End PBXBuildFile section */

/* Begin PBXCopyFilesBuildPhase section */
		8AC0876C261F645C00479830 /* Embed App Extensions */ = {
			isa = PBXCopyFilesBuildPhase;
			buildActionMask = 2147483647;
			dstPath = "";
			dstSubfolderSpec = 13;
			files = (
			);
			name = "Embed App Extensions";
			runOnlyForDeploymentPostprocessing = 0;
		};
/* End PBXCopyFilesBuildPhase section */

/* Begin PBXFileReference section */
		8A164B7026035176002DE9B1 /* MuseoSans_500.otf */ = {isa = PBXFileReference; lastKnownFileType = file; path = MuseoSans_500.otf; sourceTree = "<group>"; };
		8A18B9B92620E5760052ACD4 /* Base */ = {isa = PBXFileReference; lastKnownFileType = file.storyboard; name = Base; path = Base.lproj/LoginVC.storyboard; sourceTree = "<group>"; };
		8A18B9BC2621E0890052ACD4 /* MailListVC.storyboard */ = {isa = PBXFileReference; fileEncoding = 4; lastKnownFileType = file.storyboard; path = MailListVC.storyboard; sourceTree = "<group>"; };
		8A18B9D12621E56D0052ACD4 /* Base */ = {isa = PBXFileReference; lastKnownFileType = file.storyboard; name = Base; path = Mail/View/Login/Base.lproj/MailDetailVC.storyboard; sourceTree = SOURCE_ROOT; };
		8A7318EB26072F670098FEAA /* DocumentCollectionViewController.swift */ = {isa = PBXFileReference; lastKnownFileType = sourcecode.swift; path = DocumentCollectionViewController.swift; sourceTree = "<group>"; };
		8A7318EE2607343A0098FEAA /* DocumentCollectionViewCell.swift */ = {isa = PBXFileReference; lastKnownFileType = sourcecode.swift; path = DocumentCollectionViewCell.swift; sourceTree = "<group>"; };
		8A7318EF2607343A0098FEAA /* DocumentCollectionViewCell.xib */ = {isa = PBXFileReference; lastKnownFileType = file.xib; path = DocumentCollectionViewCell.xib; sourceTree = "<group>"; };
		8A73193F260E75260098FEAA /* Constant.swift */ = {isa = PBXFileReference; lastKnownFileType = sourcecode.swift; path = Constant.swift; sourceTree = "<group>"; };
		8A731957260E7E640098FEAA /* ModelInit.swift */ = {isa = PBXFileReference; lastKnownFileType = sourcecode.swift; path = ModelInit.swift; sourceTree = "<group>"; };
		8A94A27E25FB69CE006480BB /* Mail.app */ = {isa = PBXFileReference; explicitFileType = wrapper.application; includeInIndex = 0; path = Mail.app; sourceTree = BUILT_PRODUCTS_DIR; };
		8A94A28125FB69CE006480BB /* AppDelegate.swift */ = {isa = PBXFileReference; lastKnownFileType = sourcecode.swift; path = AppDelegate.swift; sourceTree = "<group>"; };
		8A94A28325FB69CE006480BB /* SceneDelegate.swift */ = {isa = PBXFileReference; lastKnownFileType = sourcecode.swift; path = SceneDelegate.swift; sourceTree = "<group>"; };
		8A94A28525FB69CE006480BB /* MailListViewController.swift */ = {isa = PBXFileReference; lastKnownFileType = sourcecode.swift; path = MailListViewController.swift; sourceTree = "<group>"; };
		8A94A28A25FB69D1006480BB /* Assets.xcassets */ = {isa = PBXFileReference; lastKnownFileType = folder.assetcatalog; path = Assets.xcassets; sourceTree = "<group>"; };
		8A94A28D25FB69D1006480BB /* Base */ = {isa = PBXFileReference; lastKnownFileType = file.storyboard; name = Base; path = Base.lproj/LaunchScreen.storyboard; sourceTree = "<group>"; };
		8A94A28F25FB69D1006480BB /* Info.plist */ = {isa = PBXFileReference; lastKnownFileType = text.plist.xml; path = Info.plist; sourceTree = "<group>"; };
		8A94A29625FB6DE7006480BB /* Mailboxes.swift */ = {isa = PBXFileReference; lastKnownFileType = sourcecode.swift; path = Mailboxes.swift; sourceTree = "<group>"; };
		8A94A29925FB761C006480BB /* MailCollectionViewController.swift */ = {isa = PBXFileReference; lastKnownFileType = sourcecode.swift; path = MailCollectionViewController.swift; sourceTree = "<group>"; };
		8A94A29C25FB76A4006480BB /* Thread.swift */ = {isa = PBXFileReference; lastKnownFileType = sourcecode.swift; path = Thread.swift; sourceTree = "<group>"; };
		8A94A2A125FB7AEF006480BB /* MailListCell.swift */ = {isa = PBXFileReference; lastKnownFileType = sourcecode.swift; path = MailListCell.swift; sourceTree = "<group>"; };
		8A94A2A225FB7AEF006480BB /* MailListCell.xib */ = {isa = PBXFileReference; lastKnownFileType = file.xib; path = MailListCell.xib; sourceTree = "<group>"; };
		8A94A2A625FD38BD006480BB /* MockedData.swift */ = {isa = PBXFileReference; lastKnownFileType = sourcecode.swift; path = MockedData.swift; sourceTree = "<group>"; };
		8A94A2B125FE4763006480BB /* DateExtension.swift */ = {isa = PBXFileReference; lastKnownFileType = sourcecode.swift; path = DateExtension.swift; sourceTree = "<group>"; };
		8A94A2B525FE5022006480BB /* MailDetailViewController.swift */ = {isa = PBXFileReference; lastKnownFileType = sourcecode.swift; path = MailDetailViewController.swift; sourceTree = "<group>"; };
		8A94A2B825FE55A2006480BB /* User.swift */ = {isa = PBXFileReference; lastKnownFileType = sourcecode.swift; path = User.swift; sourceTree = "<group>"; };
		8A94A2BB25FE5926006480BB /* UserConversationNavigationItem.xib */ = {isa = PBXFileReference; lastKnownFileType = file.xib; path = UserConversationNavigationItem.xib; sourceTree = "<group>"; };
		8A94A2BE25FE5B60006480BB /* UserConversationNavigationItem.swift */ = {isa = PBXFileReference; lastKnownFileType = sourcecode.swift; path = UserConversationNavigationItem.swift; sourceTree = "<group>"; };
		8A94A2C925FF45B7006480BB /* Mail.swift */ = {isa = PBXFileReference; lastKnownFileType = sourcecode.swift; path = Mail.swift; sourceTree = "<group>"; };
		8AB7FEF32604D848007343D1 /* MuseoSansRounded-700.ttf */ = {isa = PBXFileReference; lastKnownFileType = file; path = "MuseoSansRounded-700.ttf"; sourceTree = "<group>"; };
		8AB7FF02260511AB007343D1 /* ReplyView.xib */ = {isa = PBXFileReference; lastKnownFileType = file.xib; path = ReplyView.xib; sourceTree = "<group>"; };
		8AB7FF0526051770007343D1 /* ReplyView.swift */ = {isa = PBXFileReference; lastKnownFileType = sourcecode.swift; path = ReplyView.swift; sourceTree = "<group>"; };
		8AC08754261F628700479830 /* AuthSettings.plist */ = {isa = PBXFileReference; lastKnownFileType = text.plist.xml; path = AuthSettings.plist; sourceTree = "<group>"; };
		8AC0875D261F645C00479830 /* AuthenticationServices.framework */ = {isa = PBXFileReference; lastKnownFileType = wrapper.framework; name = AuthenticationServices.framework; path = System/Library/Frameworks/AuthenticationServices.framework; sourceTree = SDKROOT; };
		8AC08760261F645C00479830 /* AccountAuthenticationModificationViewController.swift */ = {isa = PBXFileReference; lastKnownFileType = sourcecode.swift; path = AccountAuthenticationModificationViewController.swift; sourceTree = "<group>"; };
		8AC08763261F645C00479830 /* Base */ = {isa = PBXFileReference; lastKnownFileType = file.storyboard; name = Base; path = Base.lproj/MainInterface.storyboard; sourceTree = "<group>"; };
		8AC08765261F645C00479830 /* Info.plist */ = {isa = PBXFileReference; lastKnownFileType = text.plist.xml; path = Info.plist; sourceTree = "<group>"; };
		8AC08779261F66E100479830 /* AuthenticationManager.swift */ = {isa = PBXFileReference; lastKnownFileType = sourcecode.swift; path = AuthenticationManager.swift; sourceTree = "<group>"; };
		8AC0877E261F6A4400479830 /* LogingViewController.swift */ = {isa = PBXFileReference; lastKnownFileType = sourcecode.swift; path = LogingViewController.swift; sourceTree = "<group>"; };
		8AC08782261F6C7D00479830 /* GraphManager.swift */ = {isa = PBXFileReference; lastKnownFileType = sourcecode.swift; path = GraphManager.swift; sourceTree = "<group>"; };
		8AC08785261F6E2000479830 /* Mail.entitlements */ = {isa = PBXFileReference; lastKnownFileType = text.plist.entitlements; path = Mail.entitlements; sourceTree = "<group>"; };
		8ACCDF3526132647000C2E67 /* State.swift */ = {isa = PBXFileReference; lastKnownFileType = sourcecode.swift; path = State.swift; sourceTree = "<group>"; };
		8AF84FE62628748200300B99 /* Cache.swift */ = {isa = PBXFileReference; lastKnownFileType = sourcecode.swift; path = Cache.swift; sourceTree = "<group>"; };
		8AF84FE9262876CB00300B99 /* MailController.swift */ = {isa = PBXFileReference; lastKnownFileType = sourcecode.swift; path = MailController.swift; sourceTree = "<group>"; };
		911C9AA330FD821E36F53D7F /* Pods-Mail.debug.xcconfig */ = {isa = PBXFileReference; includeInIndex = 1; lastKnownFileType = text.xcconfig; name = "Pods-Mail.debug.xcconfig"; path = "Target Support Files/Pods-Mail/Pods-Mail.debug.xcconfig"; sourceTree = "<group>"; };
		AE43A998C7C1E415BA0D9354 /* Pods_Mail.framework */ = {isa = PBXFileReference; explicitFileType = wrapper.framework; includeInIndex = 0; path = Pods_Mail.framework; sourceTree = BUILT_PRODUCTS_DIR; };
		F3F8DC0F816CBDFB8BD0BA45 /* Pods-Mail.release.xcconfig */ = {isa = PBXFileReference; includeInIndex = 1; lastKnownFileType = text.xcconfig; name = "Pods-Mail.release.xcconfig"; path = "Target Support Files/Pods-Mail/Pods-Mail.release.xcconfig"; sourceTree = "<group>"; };
/* End PBXFileReference section */

/* Begin PBXFrameworksBuildPhase section */
		8A94A27B25FB69CE006480BB /* Frameworks */ = {
			isa = PBXFrameworksBuildPhase;
			buildActionMask = 2147483647;
			files = (
				16946A9C2EC40D20CABD67E7 /* Pods_Mail.framework in Frameworks */,
			);
			runOnlyForDeploymentPostprocessing = 0;
		};
/* End PBXFrameworksBuildPhase section */

/* Begin PBXGroup section */
		18819BC4B8FEECF10A7CEE44 /* Pods */ = {
			isa = PBXGroup;
			children = (
				911C9AA330FD821E36F53D7F /* Pods-Mail.debug.xcconfig */,
				F3F8DC0F816CBDFB8BD0BA45 /* Pods-Mail.release.xcconfig */,
			);
			path = Pods;
			sourceTree = "<group>";
		};
		8A164B832603CDA4002DE9B1 /* Ressources */ = {
			isa = PBXGroup;
			children = (
				8AC08785261F6E2000479830 /* Mail.entitlements */,
				8A94A28A25FB69D1006480BB /* Assets.xcassets */,
				8A94A28F25FB69D1006480BB /* Info.plist */,
				8A164B842603CDB1002DE9B1 /* Font */,
				8AC08754261F628700479830 /* AuthSettings.plist */,
			);
			path = Ressources;
			sourceTree = "<group>";
		};
		8A164B842603CDB1002DE9B1 /* Font */ = {
			isa = PBXGroup;
			children = (
				8AB7FEF32604D848007343D1 /* MuseoSansRounded-700.ttf */,
				8A164B7026035176002DE9B1 /* MuseoSans_500.otf */,
			);
			path = Font;
			sourceTree = "<group>";
		};
		8A164B902603CFA3002DE9B1 /* MailList */ = {
			isa = PBXGroup;
			children = (
				8A18B9BC2621E0890052ACD4 /* MailListVC.storyboard */,
				8A94A2A125FB7AEF006480BB /* MailListCell.swift */,
				8A94A2A225FB7AEF006480BB /* MailListCell.xib */,
			);
			path = MailList;
			sourceTree = "<group>";
		};
		8A164B912603D022002DE9B1 /* MailDetail */ = {
			isa = PBXGroup;
			children = (
				8A18B9D02621E56D0052ACD4 /* MailDetailVC.storyboard */,
				8A94A2BB25FE5926006480BB /* UserConversationNavigationItem.xib */,
				8A94A2BE25FE5B60006480BB /* UserConversationNavigationItem.swift */,
				8AB7FF02260511AB007343D1 /* ReplyView.xib */,
				8AB7FF0526051770007343D1 /* ReplyView.swift */,
				8A7318EE2607343A0098FEAA /* DocumentCollectionViewCell.swift */,
				8A7318EF2607343A0098FEAA /* DocumentCollectionViewCell.xib */,
			);
			path = MailDetail;
			sourceTree = "<group>";
		};
		8A164B952603D0B3002DE9B1 /* MailList */ = {
			isa = PBXGroup;
			children = (
				8A94A29925FB761C006480BB /* MailCollectionViewController.swift */,
				8A94A28525FB69CE006480BB /* MailListViewController.swift */,
			);
			path = MailList;
			sourceTree = "<group>";
		};
		8A164B962603D0C4002DE9B1 /* MailDetail */ = {
			isa = PBXGroup;
			children = (
				8A7318EB26072F670098FEAA /* DocumentCollectionViewController.swift */,
				8A94A2B525FE5022006480BB /* MailDetailViewController.swift */,
			);
			path = MailDetail;
			sourceTree = "<group>";
		};
		8A18B9CE2621E51B0052ACD4 /* Login */ = {
			isa = PBXGroup;
			children = (
				8A18B9B82620E5760052ACD4 /* LoginVC.storyboard */,
			);
			path = Login;
			sourceTree = "<group>";
		};
		8A94A27525FB69CE006480BB = {
			isa = PBXGroup;
			children = (
				8A94A28025FB69CE006480BB /* Mail */,
				8AC0875F261F645C00479830 /* test */,
				8AC0875C261F645C00479830 /* Frameworks */,
				8A94A27F25FB69CE006480BB /* Products */,
				18819BC4B8FEECF10A7CEE44 /* Pods */,
			);
			sourceTree = "<group>";
		};
		8A94A27F25FB69CE006480BB /* Products */ = {
			isa = PBXGroup;
			children = (
				8A94A27E25FB69CE006480BB /* Mail.app */,
			);
			name = Products;
			sourceTree = "<group>";
		};
		8A94A28025FB69CE006480BB /* Mail */ = {
			isa = PBXGroup;
			children = (
				8A94A2AC25FD3E8F006480BB /* Controller */,
				8A94A2A925FD3E7C006480BB /* Model */,
				8A164B832603CDA4002DE9B1 /* Ressources */,
				8A94A2AD25FD3EC7006480BB /* System */,
				8A94A2B025FE4753006480BB /* Utilities */,
				8A94A2AB25FD3E8C006480BB /* View */,
			);
			path = Mail;
			sourceTree = "<group>";
		};
		8A94A2A925FD3E7C006480BB /* Model */ = {
			isa = PBXGroup;
			children = (
				8A94A29C25FB76A4006480BB /* Thread.swift */,
				8A94A2B825FE55A2006480BB /* User.swift */,
				8A94A2C925FF45B7006480BB /* Mail.swift */,
				8A94A2A625FD38BD006480BB /* MockedData.swift */,
				8A94A29625FB6DE7006480BB /* Mailboxes.swift */,
				8A731957260E7E640098FEAA /* ModelInit.swift */,
			);
			path = Model;
			sourceTree = "<group>";
		};
		8A94A2AB25FD3E8C006480BB /* View */ = {
			isa = PBXGroup;
			children = (
				8A18B9CE2621E51B0052ACD4 /* Login */,
				8A164B912603D022002DE9B1 /* MailDetail */,
				8A164B902603CFA3002DE9B1 /* MailList */,
				8A94A28C25FB69D1006480BB /* LaunchScreen.storyboard */,
			);
			path = View;
			sourceTree = "<group>";
		};
		8A94A2AC25FD3E8F006480BB /* Controller */ = {
			isa = PBXGroup;
			children = (
				8AF84FE9262876CB00300B99 /* MailController.swift */,
				8AC0877C261F699400479830 /* Loging */,
				8A164B962603D0C4002DE9B1 /* MailDetail */,
				8A164B952603D0B3002DE9B1 /* MailList */,
			);
			path = Controller;
			sourceTree = "<group>";
		};
		8A94A2AD25FD3EC7006480BB /* System */ = {
			isa = PBXGroup;
			children = (
				8A94A28125FB69CE006480BB /* AppDelegate.swift */,
				8A94A28325FB69CE006480BB /* SceneDelegate.swift */,
			);
			path = System;
			sourceTree = "<group>";
		};
		8A94A2B025FE4753006480BB /* Utilities */ = {
			isa = PBXGroup;
			children = (
				8A94A2B125FE4763006480BB /* DateExtension.swift */,
				8A73193F260E75260098FEAA /* Constant.swift */,
				8ACCDF3526132647000C2E67 /* State.swift */,
				8AC08779261F66E100479830 /* AuthenticationManager.swift */,
				8AC08782261F6C7D00479830 /* GraphManager.swift */,
				8AF84FE62628748200300B99 /* Cache.swift */,
			);
			path = Utilities;
			sourceTree = "<group>";
		};
		8AC0875C261F645C00479830 /* Frameworks */ = {
			isa = PBXGroup;
			children = (
				8AC0875D261F645C00479830 /* AuthenticationServices.framework */,
				AE43A998C7C1E415BA0D9354 /* Pods_Mail.framework */,
			);
			name = Frameworks;
			sourceTree = "<group>";
		};
		8AC0875F261F645C00479830 /* test */ = {
			isa = PBXGroup;
			children = (
				8AC08760261F645C00479830 /* AccountAuthenticationModificationViewController.swift */,
				8AC08762261F645C00479830 /* MainInterface.storyboard */,
				8AC08765261F645C00479830 /* Info.plist */,
			);
			path = test;
			sourceTree = "<group>";
		};
		8AC0877C261F699400479830 /* Loging */ = {
			isa = PBXGroup;
			children = (
				8AC0877E261F6A4400479830 /* LogingViewController.swift */,
			);
			path = Loging;
			sourceTree = "<group>";
		};
/* End PBXGroup section */

/* Begin PBXNativeTarget section */
		8A94A27D25FB69CE006480BB /* Mail */ = {
			isa = PBXNativeTarget;
			buildConfigurationList = 8A94A29225FB69D1006480BB /* Build configuration list for PBXNativeTarget "Mail" */;
			buildPhases = (
				5A0E3E34ACED1EB153E96A9B /* [CP] Check Pods Manifest.lock */,
				8A94A27A25FB69CE006480BB /* Sources */,
				8A94A27B25FB69CE006480BB /* Frameworks */,
				8A94A27C25FB69CE006480BB /* Resources */,
				8AC0876C261F645C00479830 /* Embed App Extensions */,
				FF02C3BA9C82D5E9CDAB3824 /* [CP] Embed Pods Frameworks */,
			);
			buildRules = (
			);
			dependencies = (
			);
			name = Mail;
			productName = Mail;
			productReference = 8A94A27E25FB69CE006480BB /* Mail.app */;
			productType = "com.apple.product-type.application";
		};
/* End PBXNativeTarget section */

/* Begin PBXProject section */
		8A94A27625FB69CE006480BB /* Project object */ = {
			isa = PBXProject;
			attributes = {
				LastSwiftUpdateCheck = 1220;
				LastUpgradeCheck = 1220;
				TargetAttributes = {
					8A94A27D25FB69CE006480BB = {
						CreatedOnToolsVersion = 12.2;
					};
				};
			};
			buildConfigurationList = 8A94A27925FB69CE006480BB /* Build configuration list for PBXProject "Mail" */;
			compatibilityVersion = "Xcode 9.3";
			developmentRegion = en;
			hasScannedForEncodings = 0;
			knownRegions = (
				en,
				Base,
			);
			mainGroup = 8A94A27525FB69CE006480BB;
			productRefGroup = 8A94A27F25FB69CE006480BB /* Products */;
			projectDirPath = "";
			projectRoot = "";
			targets = (
				8A94A27D25FB69CE006480BB /* Mail */,
			);
		};
/* End PBXProject section */

/* Begin PBXResourcesBuildPhase section */
		8A94A27C25FB69CE006480BB /* Resources */ = {
			isa = PBXResourcesBuildPhase;
			buildActionMask = 2147483647;
			files = (
				8A18B9D22621E56D0052ACD4 /* MailDetailVC.storyboard in Resources */,
				8A94A28E25FB69D1006480BB /* LaunchScreen.storyboard in Resources */,
				8A94A28B25FB69D1006480BB /* Assets.xcassets in Resources */,
				8A164B7126035177002DE9B1 /* MuseoSans_500.otf in Resources */,
				8AC08755261F628700479830 /* AuthSettings.plist in Resources */,
				8A18B9BA2620E5760052ACD4 /* LoginVC.storyboard in Resources */,
				8A94A2BC25FE5926006480BB /* UserConversationNavigationItem.xib in Resources */,
				8A7318F12607343A0098FEAA /* DocumentCollectionViewCell.xib in Resources */,
				8A18B9BD2621E0890052ACD4 /* MailListVC.storyboard in Resources */,
				8AB7FF03260511AB007343D1 /* ReplyView.xib in Resources */,
				8A94A2A425FB7AEF006480BB /* MailListCell.xib in Resources */,
				8AB7FEF42604D848007343D1 /* MuseoSansRounded-700.ttf in Resources */,
			);
			runOnlyForDeploymentPostprocessing = 0;
		};
/* End PBXResourcesBuildPhase section */

/* Begin PBXShellScriptBuildPhase section */
		5A0E3E34ACED1EB153E96A9B /* [CP] Check Pods Manifest.lock */ = {
			isa = PBXShellScriptBuildPhase;
			buildActionMask = 2147483647;
			files = (
			);
			inputFileListPaths = (
			);
			inputPaths = (
				"${PODS_PODFILE_DIR_PATH}/Podfile.lock",
				"${PODS_ROOT}/Manifest.lock",
			);
			name = "[CP] Check Pods Manifest.lock";
			outputFileListPaths = (
			);
			outputPaths = (
				"$(DERIVED_FILE_DIR)/Pods-Mail-checkManifestLockResult.txt",
			);
			runOnlyForDeploymentPostprocessing = 0;
			shellPath = /bin/sh;
			shellScript = "diff \"${PODS_PODFILE_DIR_PATH}/Podfile.lock\" \"${PODS_ROOT}/Manifest.lock\" > /dev/null\nif [ $? != 0 ] ; then\n    # print error to STDERR\n    echo \"error: The sandbox is not in sync with the Podfile.lock. Run 'pod install' or update your CocoaPods installation.\" >&2\n    exit 1\nfi\n# This output is used by Xcode 'outputs' to avoid re-running this script phase.\necho \"SUCCESS\" > \"${SCRIPT_OUTPUT_FILE_0}\"\n";
			showEnvVarsInLog = 0;
		};
		FF02C3BA9C82D5E9CDAB3824 /* [CP] Embed Pods Frameworks */ = {
			isa = PBXShellScriptBuildPhase;
			buildActionMask = 2147483647;
			files = (
			);
			inputFileListPaths = (
				"${PODS_ROOT}/Target Support Files/Pods-Mail/Pods-Mail-frameworks-${CONFIGURATION}-input-files.xcfilelist",
			);
			name = "[CP] Embed Pods Frameworks";
			outputFileListPaths = (
				"${PODS_ROOT}/Target Support Files/Pods-Mail/Pods-Mail-frameworks-${CONFIGURATION}-output-files.xcfilelist",
			);
			runOnlyForDeploymentPostprocessing = 0;
			shellPath = /bin/sh;
			shellScript = "\"${PODS_ROOT}/Target Support Files/Pods-Mail/Pods-Mail-frameworks.sh\"\n";
			showEnvVarsInLog = 0;
		};
/* End PBXShellScriptBuildPhase section */

/* Begin PBXSourcesBuildPhase section */
		8A94A27A25FB69CE006480BB /* Sources */ = {
			isa = PBXSourcesBuildPhase;
			buildActionMask = 2147483647;
			files = (
				8AF84FE72628748200300B99 /* Cache.swift in Sources */,
				8A94A2A725FD38BD006480BB /* MockedData.swift in Sources */,
				8AB7FF0626051770007343D1 /* ReplyView.swift in Sources */,
				8A7318F02607343A0098FEAA /* DocumentCollectionViewCell.swift in Sources */,
				8AC0877F261F6A4400479830 /* LogingViewController.swift in Sources */,
				8A94A2A325FB7AEF006480BB /* MailListCell.swift in Sources */,
				8A94A2B625FE5022006480BB /* MailDetailViewController.swift in Sources */,
				8A94A2BF25FE5B60006480BB /* UserConversationNavigationItem.swift in Sources */,
				8A94A2CA25FF45B7006480BB /* Mail.swift in Sources */,
				8A7318EC26072F670098FEAA /* DocumentCollectionViewController.swift in Sources */,
				8AC0877A261F66E100479830 /* AuthenticationManager.swift in Sources */,
				8A94A28625FB69CE006480BB /* MailListViewController.swift in Sources */,
				8A94A28225FB69CE006480BB /* AppDelegate.swift in Sources */,
				8A94A2B225FE4763006480BB /* DateExtension.swift in Sources */,
				8AF84FEA262876CB00300B99 /* MailController.swift in Sources */,
				8A731958260E7E640098FEAA /* ModelInit.swift in Sources */,
				8A94A29725FB6DE7006480BB /* Mailboxes.swift in Sources */,
				8A94A29A25FB761C006480BB /* MailCollectionViewController.swift in Sources */,
				8A94A28425FB69CE006480BB /* SceneDelegate.swift in Sources */,
				8AC08783261F6C7D00479830 /* GraphManager.swift in Sources */,
				8A731940260E75260098FEAA /* Constant.swift in Sources */,
				8ACCDF3626132647000C2E67 /* State.swift in Sources */,
				8A94A29D25FB76A4006480BB /* Thread.swift in Sources */,
				8A94A2B925FE55A2006480BB /* User.swift in Sources */,
			);
			runOnlyForDeploymentPostprocessing = 0;
		};
/* End PBXSourcesBuildPhase section */

/* Begin PBXVariantGroup section */
		8A18B9B82620E5760052ACD4 /* LoginVC.storyboard */ = {
			isa = PBXVariantGroup;
			children = (
				8A18B9B92620E5760052ACD4 /* Base */,
			);
			name = LoginVC.storyboard;
			sourceTree = "<group>";
		};
		8A18B9D02621E56D0052ACD4 /* MailDetailVC.storyboard */ = {
			isa = PBXVariantGroup;
			children = (
				8A18B9D12621E56D0052ACD4 /* Base */,
			);
			name = MailDetailVC.storyboard;
			sourceTree = "<group>";
		};
		8A94A28C25FB69D1006480BB /* LaunchScreen.storyboard */ = {
			isa = PBXVariantGroup;
			children = (
				8A94A28D25FB69D1006480BB /* Base */,
			);
			name = LaunchScreen.storyboard;
			sourceTree = "<group>";
		};
		8AC08762261F645C00479830 /* MainInterface.storyboard */ = {
			isa = PBXVariantGroup;
			children = (
				8AC08763261F645C00479830 /* Base */,
			);
			name = MainInterface.storyboard;
			sourceTree = "<group>";
		};
/* End PBXVariantGroup section */

/* Begin XCBuildConfiguration section */
		8A94A29025FB69D1006480BB /* Debug */ = {
			isa = XCBuildConfiguration;
			buildSettings = {
				ALWAYS_SEARCH_USER_PATHS = NO;
				CLANG_ANALYZER_NONNULL = YES;
				CLANG_ANALYZER_NUMBER_OBJECT_CONVERSION = YES_AGGRESSIVE;
				CLANG_CXX_LANGUAGE_STANDARD = "gnu++14";
				CLANG_CXX_LIBRARY = "libc++";
				CLANG_ENABLE_MODULES = YES;
				CLANG_ENABLE_OBJC_ARC = YES;
				CLANG_ENABLE_OBJC_WEAK = YES;
				CLANG_WARN_BLOCK_CAPTURE_AUTORELEASING = YES;
				CLANG_WARN_BOOL_CONVERSION = YES;
				CLANG_WARN_COMMA = YES;
				CLANG_WARN_CONSTANT_CONVERSION = YES;
				CLANG_WARN_DEPRECATED_OBJC_IMPLEMENTATIONS = YES;
				CLANG_WARN_DIRECT_OBJC_ISA_USAGE = YES_ERROR;
				CLANG_WARN_DOCUMENTATION_COMMENTS = YES;
				CLANG_WARN_EMPTY_BODY = YES;
				CLANG_WARN_ENUM_CONVERSION = YES;
				CLANG_WARN_INFINITE_RECURSION = YES;
				CLANG_WARN_INT_CONVERSION = YES;
				CLANG_WARN_NON_LITERAL_NULL_CONVERSION = YES;
				CLANG_WARN_OBJC_IMPLICIT_RETAIN_SELF = YES;
				CLANG_WARN_OBJC_LITERAL_CONVERSION = YES;
				CLANG_WARN_OBJC_ROOT_CLASS = YES_ERROR;
				CLANG_WARN_QUOTED_INCLUDE_IN_FRAMEWORK_HEADER = YES;
				CLANG_WARN_RANGE_LOOP_ANALYSIS = YES;
				CLANG_WARN_STRICT_PROTOTYPES = YES;
				CLANG_WARN_SUSPICIOUS_MOVE = YES;
				CLANG_WARN_UNGUARDED_AVAILABILITY = YES_AGGRESSIVE;
				CLANG_WARN_UNREACHABLE_CODE = YES;
				CLANG_WARN__DUPLICATE_METHOD_MATCH = YES;
				COPY_PHASE_STRIP = NO;
				DEBUG_INFORMATION_FORMAT = dwarf;
				ENABLE_STRICT_OBJC_MSGSEND = YES;
				ENABLE_TESTABILITY = YES;
				GCC_C_LANGUAGE_STANDARD = gnu11;
				GCC_DYNAMIC_NO_PIC = NO;
				GCC_NO_COMMON_BLOCKS = YES;
				GCC_OPTIMIZATION_LEVEL = 0;
				GCC_PREPROCESSOR_DEFINITIONS = (
					"DEBUG=1",
					"$(inherited)",
				);
				GCC_WARN_64_TO_32_BIT_CONVERSION = YES;
				GCC_WARN_ABOUT_RETURN_TYPE = YES_ERROR;
				GCC_WARN_UNDECLARED_SELECTOR = YES;
				GCC_WARN_UNINITIALIZED_AUTOS = YES_AGGRESSIVE;
				GCC_WARN_UNUSED_FUNCTION = YES;
				GCC_WARN_UNUSED_VARIABLE = YES;
				IPHONEOS_DEPLOYMENT_TARGET = 14.2;
				MTL_ENABLE_DEBUG_INFO = INCLUDE_SOURCE;
				MTL_FAST_MATH = YES;
				ONLY_ACTIVE_ARCH = YES;
				SDKROOT = iphoneos;
				SWIFT_ACTIVE_COMPILATION_CONDITIONS = DEBUG;
				SWIFT_OPTIMIZATION_LEVEL = "-Onone";
			};
			name = Debug;
		};
		8A94A29125FB69D1006480BB /* Release */ = {
			isa = XCBuildConfiguration;
			buildSettings = {
				ALWAYS_SEARCH_USER_PATHS = NO;
				CLANG_ANALYZER_NONNULL = YES;
				CLANG_ANALYZER_NUMBER_OBJECT_CONVERSION = YES_AGGRESSIVE;
				CLANG_CXX_LANGUAGE_STANDARD = "gnu++14";
				CLANG_CXX_LIBRARY = "libc++";
				CLANG_ENABLE_MODULES = YES;
				CLANG_ENABLE_OBJC_ARC = YES;
				CLANG_ENABLE_OBJC_WEAK = YES;
				CLANG_WARN_BLOCK_CAPTURE_AUTORELEASING = YES;
				CLANG_WARN_BOOL_CONVERSION = YES;
				CLANG_WARN_COMMA = YES;
				CLANG_WARN_CONSTANT_CONVERSION = YES;
				CLANG_WARN_DEPRECATED_OBJC_IMPLEMENTATIONS = YES;
				CLANG_WARN_DIRECT_OBJC_ISA_USAGE = YES_ERROR;
				CLANG_WARN_DOCUMENTATION_COMMENTS = YES;
				CLANG_WARN_EMPTY_BODY = YES;
				CLANG_WARN_ENUM_CONVERSION = YES;
				CLANG_WARN_INFINITE_RECURSION = YES;
				CLANG_WARN_INT_CONVERSION = YES;
				CLANG_WARN_NON_LITERAL_NULL_CONVERSION = YES;
				CLANG_WARN_OBJC_IMPLICIT_RETAIN_SELF = YES;
				CLANG_WARN_OBJC_LITERAL_CONVERSION = YES;
				CLANG_WARN_OBJC_ROOT_CLASS = YES_ERROR;
				CLANG_WARN_QUOTED_INCLUDE_IN_FRAMEWORK_HEADER = YES;
				CLANG_WARN_RANGE_LOOP_ANALYSIS = YES;
				CLANG_WARN_STRICT_PROTOTYPES = YES;
				CLANG_WARN_SUSPICIOUS_MOVE = YES;
				CLANG_WARN_UNGUARDED_AVAILABILITY = YES_AGGRESSIVE;
				CLANG_WARN_UNREACHABLE_CODE = YES;
				CLANG_WARN__DUPLICATE_METHOD_MATCH = YES;
				COPY_PHASE_STRIP = NO;
				DEBUG_INFORMATION_FORMAT = "dwarf-with-dsym";
				ENABLE_NS_ASSERTIONS = NO;
				ENABLE_STRICT_OBJC_MSGSEND = YES;
				GCC_C_LANGUAGE_STANDARD = gnu11;
				GCC_NO_COMMON_BLOCKS = YES;
				GCC_WARN_64_TO_32_BIT_CONVERSION = YES;
				GCC_WARN_ABOUT_RETURN_TYPE = YES_ERROR;
				GCC_WARN_UNDECLARED_SELECTOR = YES;
				GCC_WARN_UNINITIALIZED_AUTOS = YES_AGGRESSIVE;
				GCC_WARN_UNUSED_FUNCTION = YES;
				GCC_WARN_UNUSED_VARIABLE = YES;
				IPHONEOS_DEPLOYMENT_TARGET = 14.2;
				MTL_ENABLE_DEBUG_INFO = NO;
				MTL_FAST_MATH = YES;
				SDKROOT = iphoneos;
				SWIFT_COMPILATION_MODE = wholemodule;
				SWIFT_OPTIMIZATION_LEVEL = "-O";
				VALIDATE_PRODUCT = YES;
			};
			name = Release;
		};
		8A94A29325FB69D1006480BB /* Debug */ = {
			isa = XCBuildConfiguration;
			baseConfigurationReference = 911C9AA330FD821E36F53D7F /* Pods-Mail.debug.xcconfig */;
			buildSettings = {
				ALWAYS_EMBED_SWIFT_STANDARD_LIBRARIES = YES;
				ASSETCATALOG_COMPILER_APPICON_NAME = AppIcon;
				ASSETCATALOG_COMPILER_GLOBAL_ACCENT_COLOR_NAME = AccentColor;
				CODE_SIGN_ENTITLEMENTS = Mail/Ressources/Mail.entitlements;
				CODE_SIGN_STYLE = Automatic;
				DEVELOPMENT_TEAM = WY266AH6T6;
				INFOPLIST_FILE = Mail/Ressources/Info.plist;
				LD_RUNPATH_SEARCH_PATHS = (
					"$(inherited)",
					"@executable_path/Frameworks",
				);
				PRODUCT_BUNDLE_IDENTIFIER = com.MRB.Mail;
				PRODUCT_NAME = "$(TARGET_NAME)";
				SWIFT_VERSION = 5.0;
				TARGETED_DEVICE_FAMILY = "1,2";
			};
			name = Debug;
		};
		8A94A29425FB69D1006480BB /* Release */ = {
			isa = XCBuildConfiguration;
			baseConfigurationReference = F3F8DC0F816CBDFB8BD0BA45 /* Pods-Mail.release.xcconfig */;
			buildSettings = {
				ALWAYS_EMBED_SWIFT_STANDARD_LIBRARIES = YES;
				ASSETCATALOG_COMPILER_APPICON_NAME = AppIcon;
				ASSETCATALOG_COMPILER_GLOBAL_ACCENT_COLOR_NAME = AccentColor;
				CODE_SIGN_ENTITLEMENTS = Mail/Ressources/Mail.entitlements;
				CODE_SIGN_STYLE = Automatic;
				DEVELOPMENT_TEAM = WY266AH6T6;
				INFOPLIST_FILE = Mail/Ressources/Info.plist;
				LD_RUNPATH_SEARCH_PATHS = (
					"$(inherited)",
					"@executable_path/Frameworks",
				);
				PRODUCT_BUNDLE_IDENTIFIER = com.MRB.Mail;
				PRODUCT_NAME = "$(TARGET_NAME)";
				SWIFT_VERSION = 5.0;
				TARGETED_DEVICE_FAMILY = "1,2";
			};
			name = Release;
		};
/* End XCBuildConfiguration section */

/* Begin XCConfigurationList section */
		8A94A27925FB69CE006480BB /* Build configuration list for PBXProject "Mail" */ = {
			isa = XCConfigurationList;
			buildConfigurations = (
				8A94A29025FB69D1006480BB /* Debug */,
				8A94A29125FB69D1006480BB /* Release */,
			);
			defaultConfigurationIsVisible = 0;
			defaultConfigurationName = Release;
		};
		8A94A29225FB69D1006480BB /* Build configuration list for PBXNativeTarget "Mail" */ = {
			isa = XCConfigurationList;
			buildConfigurations = (
				8A94A29325FB69D1006480BB /* Debug */,
				8A94A29425FB69D1006480BB /* Release */,
			);
			defaultConfigurationIsVisible = 0;
			defaultConfigurationName = Release;
		};
/* End XCConfigurationList section */
	};
	rootObject = 8A94A27625FB69CE006480BB /* Project object */;
}
